
Microsoft Visual Studio Solution File, Format Version 12.00
# Visual Studio Version 17
VisualStudioVersion = 17.1.32210.238
MinimumVisualStudioVersion = 10.0.40219.1
Project("{FAE04EC0-301F-11D3-BF4B-00C04F79EFBC}") = "Task_1", "Task_1\Task_1.csproj", "{02D38FF3-E1C5-474E-AAA5-5E777CACD6B0}"
EndProject
Project("{FAE04EC0-301F-11D3-BF4B-00C04F79EFBC}") = "Task_2", "Task_2\Task_2.csproj", "{994DF179-DC81-4200-8B9E-711436AFCE78}"
EndProject
Global
	GlobalSection(SolutionConfigurationPlatforms) = preSolution
		Debug|Any CPU = Debug|Any CPU
		Release|Any CPU = Release|Any CPU
	EndGlobalSection
	GlobalSection(ProjectConfigurationPlatforms) = postSolution
		{02D38FF3-E1C5-474E-AAA5-5E777CACD6B0}.Debug|Any CPU.ActiveCfg = Debug|Any CPU
		{02D38FF3-E1C5-474E-AAA5-5E777CACD6B0}.Debug|Any CPU.Build.0 = Debug|Any CPU
		{02D38FF3-E1C5-474E-AAA5-5E777CACD6B0}.Release|Any CPU.ActiveCfg = Release|Any CPU
		{02D38FF3-E1C5-474E-AAA5-5E777CACD6B0}.Release|Any CPU.Build.0 = Release|Any CPU
		{994DF179-DC81-4200-8B9E-711436AFCE78}.Debug|Any CPU.ActiveCfg = Debug|Any CPU
		{994DF179-DC81-4200-8B9E-711436AFCE78}.Debug|Any CPU.Build.0 = Debug|Any CPU
		{994DF179-DC81-4200-8B9E-711436AFCE78}.Release|Any CPU.ActiveCfg = Release|Any CPU
		{994DF179-DC81-4200-8B9E-711436AFCE78}.Release|Any CPU.Build.0 = Release|Any CPU
	EndGlobalSection
	GlobalSection(SolutionProperties) = preSolution
		HideSolutionNode = FALSE
	EndGlobalSection
	GlobalSection(ExtensibilityGlobals) = postSolution
		SolutionGuid = {0AF8AAAA-D848-45B9-AA2A-7A47254785E1}
	EndGlobalSection
EndGlobal
