
Microsoft Visual Studio Solution File, Format Version 12.00
# Visual Studio Version 16
VisualStudioVersion = 16.0.31702.278
MinimumVisualStudioVersion = 10.0.40219.1
Project("{FAE04EC0-301F-11D3-BF4B-00C04F79EFBC}") = "Task_1", "Task_1\Task_1.csproj", "{3D5C19CC-457D-4DBE-A104-095A489EAA49}"
EndProject
Project("{FAE04EC0-301F-11D3-BF4B-00C04F79EFBC}") = "Task_2", "Task_2\Task_2.csproj", "{A51EA036-C6D1-400D-88F7-141F79107255}"
EndProject
Project("{FAE04EC0-301F-11D3-BF4B-00C04F79EFBC}") = "Task_3", "Task_3\Task_3.csproj", "{8D0E2BA5-7C8E-4452-9BB1-80AF52F3CE9E}"
EndProject
Project("{FAE04EC0-301F-11D3-BF4B-00C04F79EFBC}") = "Task_4", "Task_4\Task_4.csproj", "{03D9B56E-1CC5-41F4-93F5-F8A7593C7C88}"
EndProject
Global
	GlobalSection(SolutionConfigurationPlatforms) = preSolution
		Debug|Any CPU = Debug|Any CPU
		Release|Any CPU = Release|Any CPU
	EndGlobalSection
	GlobalSection(ProjectConfigurationPlatforms) = postSolution
		{3D5C19CC-457D-4DBE-A104-095A489EAA49}.Debug|Any CPU.ActiveCfg = Debug|Any CPU
		{3D5C19CC-457D-4DBE-A104-095A489EAA49}.Debug|Any CPU.Build.0 = Debug|Any CPU
		{3D5C19CC-457D-4DBE-A104-095A489EAA49}.Release|Any CPU.ActiveCfg = Release|Any CPU
		{3D5C19CC-457D-4DBE-A104-095A489EAA49}.Release|Any CPU.Build.0 = Release|Any CPU
		{A51EA036-C6D1-400D-88F7-141F79107255}.Debug|Any CPU.ActiveCfg = Debug|Any CPU
		{A51EA036-C6D1-400D-88F7-141F79107255}.Debug|Any CPU.Build.0 = Debug|Any CPU
		{A51EA036-C6D1-400D-88F7-141F79107255}.Release|Any CPU.ActiveCfg = Release|Any CPU
		{A51EA036-C6D1-400D-88F7-141F79107255}.Release|Any CPU.Build.0 = Release|Any CPU
		{8D0E2BA5-7C8E-4452-9BB1-80AF52F3CE9E}.Debug|Any CPU.ActiveCfg = Debug|Any CPU
		{8D0E2BA5-7C8E-4452-9BB1-80AF52F3CE9E}.Debug|Any CPU.Build.0 = Debug|Any CPU
		{8D0E2BA5-7C8E-4452-9BB1-80AF52F3CE9E}.Release|Any CPU.ActiveCfg = Release|Any CPU
		{8D0E2BA5-7C8E-4452-9BB1-80AF52F3CE9E}.Release|Any CPU.Build.0 = Release|Any CPU
		{03D9B56E-1CC5-41F4-93F5-F8A7593C7C88}.Debug|Any CPU.ActiveCfg = Debug|Any CPU
		{03D9B56E-1CC5-41F4-93F5-F8A7593C7C88}.Debug|Any CPU.Build.0 = Debug|Any CPU
		{03D9B56E-1CC5-41F4-93F5-F8A7593C7C88}.Release|Any CPU.ActiveCfg = Release|Any CPU
		{03D9B56E-1CC5-41F4-93F5-F8A7593C7C88}.Release|Any CPU.Build.0 = Release|Any CPU
	EndGlobalSection
	GlobalSection(SolutionProperties) = preSolution
		HideSolutionNode = FALSE
	EndGlobalSection
	GlobalSection(ExtensibilityGlobals) = postSolution
		SolutionGuid = {7C971926-3F71-4C2E-8088-091D7FC2F047}
	EndGlobalSection
EndGlobal
