
Microsoft Visual Studio Solution File, Format Version 12.00
# Visual Studio Version 16
VisualStudioVersion = 16.0.31911.196
MinimumVisualStudioVersion = 10.0.40219.1
Project("{9A19103F-16F7-4668-BE54-9A1E7A4F7556}") = "Task_1", "Task_1\Task_1.csproj", "{088BEE23-CAF7-4EBF-B2B4-776463A2B31E}"
EndProject
Project("{9A19103F-16F7-4668-BE54-9A1E7A4F7556}") = "Task_2", "Task_2\Task_2.csproj", "{874A7E85-749C-4F69-BE2A-5B1BCD39B278}"
EndProject
Project("{FAE04EC0-301F-11D3-BF4B-00C04F79EFBC}") = "Task_3", "Task_3\Task_3.csproj", "{0E1B186F-B8AA-46DB-AAA0-ED916BAB79DA}"
EndProject
Global
	GlobalSection(SolutionConfigurationPlatforms) = preSolution
		Debug|Any CPU = Debug|Any CPU
		Release|Any CPU = Release|Any CPU
	EndGlobalSection
	GlobalSection(ProjectConfigurationPlatforms) = postSolution
		{088BEE23-CAF7-4EBF-B2B4-776463A2B31E}.Debug|Any CPU.ActiveCfg = Debug|Any CPU
		{088BEE23-CAF7-4EBF-B2B4-776463A2B31E}.Debug|Any CPU.Build.0 = Debug|Any CPU
		{088BEE23-CAF7-4EBF-B2B4-776463A2B31E}.Release|Any CPU.ActiveCfg = Release|Any CPU
		{088BEE23-CAF7-4EBF-B2B4-776463A2B31E}.Release|Any CPU.Build.0 = Release|Any CPU
		{874A7E85-749C-4F69-BE2A-5B1BCD39B278}.Debug|Any CPU.ActiveCfg = Debug|Any CPU
		{874A7E85-749C-4F69-BE2A-5B1BCD39B278}.Debug|Any CPU.Build.0 = Debug|Any CPU
		{874A7E85-749C-4F69-BE2A-5B1BCD39B278}.Release|Any CPU.ActiveCfg = Release|Any CPU
		{874A7E85-749C-4F69-BE2A-5B1BCD39B278}.Release|Any CPU.Build.0 = Release|Any CPU
		{0E1B186F-B8AA-46DB-AAA0-ED916BAB79DA}.Debug|Any CPU.ActiveCfg = Debug|Any CPU
		{0E1B186F-B8AA-46DB-AAA0-ED916BAB79DA}.Debug|Any CPU.Build.0 = Debug|Any CPU
		{0E1B186F-B8AA-46DB-AAA0-ED916BAB79DA}.Release|Any CPU.ActiveCfg = Release|Any CPU
		{0E1B186F-B8AA-46DB-AAA0-ED916BAB79DA}.Release|Any CPU.Build.0 = Release|Any CPU
	EndGlobalSection
	GlobalSection(SolutionProperties) = preSolution
		HideSolutionNode = FALSE
	EndGlobalSection
	GlobalSection(ExtensibilityGlobals) = postSolution
		SolutionGuid = {7D18F6FA-B3A3-4D08-A796-A6B260936356}
	EndGlobalSection
EndGlobal
