
Microsoft Visual Studio Solution File, Format Version 12.00
# Visual Studio Version 17
VisualStudioVersion = 17.1.32210.238
MinimumVisualStudioVersion = 10.0.40219.1
Project("{9A19103F-16F7-4668-BE54-9A1E7A4F7556}") = "Task_1", "Task_1\Task_1.csproj", "{FEC5FCD3-E4D5-4216-8EE4-8774872D54B6}"
EndProject
Project("{FAE04EC0-301F-11D3-BF4B-00C04F79EFBC}") = "Task_2", "Task_2\Task_2.csproj", "{3C52DE97-2FC1-4D03-A03D-E6D298CCC499}"
EndProject
Global
	GlobalSection(SolutionConfigurationPlatforms) = preSolution
		Debug|Any CPU = Debug|Any CPU
		Release|Any CPU = Release|Any CPU
	EndGlobalSection
	GlobalSection(ProjectConfigurationPlatforms) = postSolution
		{FEC5FCD3-E4D5-4216-8EE4-8774872D54B6}.Debug|Any CPU.ActiveCfg = Debug|Any CPU
		{FEC5FCD3-E4D5-4216-8EE4-8774872D54B6}.Debug|Any CPU.Build.0 = Debug|Any CPU
		{FEC5FCD3-E4D5-4216-8EE4-8774872D54B6}.Release|Any CPU.ActiveCfg = Release|Any CPU
		{FEC5FCD3-E4D5-4216-8EE4-8774872D54B6}.Release|Any CPU.Build.0 = Release|Any CPU
		{3C52DE97-2FC1-4D03-A03D-E6D298CCC499}.Debug|Any CPU.ActiveCfg = Debug|Any CPU
		{3C52DE97-2FC1-4D03-A03D-E6D298CCC499}.Debug|Any CPU.Build.0 = Debug|Any CPU
		{3C52DE97-2FC1-4D03-A03D-E6D298CCC499}.Release|Any CPU.ActiveCfg = Release|Any CPU
		{3C52DE97-2FC1-4D03-A03D-E6D298CCC499}.Release|Any CPU.Build.0 = Release|Any CPU
	EndGlobalSection
	GlobalSection(SolutionProperties) = preSolution
		HideSolutionNode = FALSE
	EndGlobalSection
	GlobalSection(ExtensibilityGlobals) = postSolution
		SolutionGuid = {B6C784D2-6D6B-4834-82C3-F92BC6A953C9}
	EndGlobalSection
EndGlobal
