
Microsoft Visual Studio Solution File, Format Version 12.00
# Visual Studio Version 17
VisualStudioVersion = 17.1.32210.238
MinimumVisualStudioVersion = 10.0.40219.1
Project("{9A19103F-16F7-4668-BE54-9A1E7A4F7556}") = "Task_1", "Task_1\Task_1.csproj", "{964D5A09-487E-47D7-8E12-EA7B8661A991}"
EndProject
Project("{FAE04EC0-301F-11D3-BF4B-00C04F79EFBC}") = "Task_2", "Task_2\Task_2.csproj", "{ADD445D1-4E9D-4AC1-8B67-348A532F88C6}"
EndProject
Project("{9A19103F-16F7-4668-BE54-9A1E7A4F7556}") = "Task_3", "Task_3\Task_3.csproj", "{6E02D6EC-84D0-4182-B4CD-1D31AF8678EB}"
EndProject
Global
	GlobalSection(SolutionConfigurationPlatforms) = preSolution
		Debug|Any CPU = Debug|Any CPU
		Release|Any CPU = Release|Any CPU
	EndGlobalSection
	GlobalSection(ProjectConfigurationPlatforms) = postSolution
		{964D5A09-487E-47D7-8E12-EA7B8661A991}.Debug|Any CPU.ActiveCfg = Debug|Any CPU
		{964D5A09-487E-47D7-8E12-EA7B8661A991}.Debug|Any CPU.Build.0 = Debug|Any CPU
		{964D5A09-487E-47D7-8E12-EA7B8661A991}.Release|Any CPU.ActiveCfg = Release|Any CPU
		{964D5A09-487E-47D7-8E12-EA7B8661A991}.Release|Any CPU.Build.0 = Release|Any CPU
		{ADD445D1-4E9D-4AC1-8B67-348A532F88C6}.Debug|Any CPU.ActiveCfg = Debug|Any CPU
		{ADD445D1-4E9D-4AC1-8B67-348A532F88C6}.Debug|Any CPU.Build.0 = Debug|Any CPU
		{ADD445D1-4E9D-4AC1-8B67-348A532F88C6}.Release|Any CPU.ActiveCfg = Release|Any CPU
		{ADD445D1-4E9D-4AC1-8B67-348A532F88C6}.Release|Any CPU.Build.0 = Release|Any CPU
		{6E02D6EC-84D0-4182-B4CD-1D31AF8678EB}.Debug|Any CPU.ActiveCfg = Debug|Any CPU
		{6E02D6EC-84D0-4182-B4CD-1D31AF8678EB}.Debug|Any CPU.Build.0 = Debug|Any CPU
		{6E02D6EC-84D0-4182-B4CD-1D31AF8678EB}.Release|Any CPU.ActiveCfg = Release|Any CPU
		{6E02D6EC-84D0-4182-B4CD-1D31AF8678EB}.Release|Any CPU.Build.0 = Release|Any CPU
	EndGlobalSection
	GlobalSection(SolutionProperties) = preSolution
		HideSolutionNode = FALSE
	EndGlobalSection
	GlobalSection(ExtensibilityGlobals) = postSolution
		SolutionGuid = {D0A20D26-A61A-4F71-A203-6541F4A39D69}
	EndGlobalSection
EndGlobal
