
Microsoft Visual Studio Solution File, Format Version 12.00
# Visual Studio Version 17
VisualStudioVersion = 17.1.32210.238
MinimumVisualStudioVersion = 10.0.40219.1
Project("{FAE04EC0-301F-11D3-BF4B-00C04F79EFBC}") = "Task_1", "Task_1\Task_1.csproj", "{336E6874-6B20-46E0-81BC-EA687253656A}"
EndProject
Project("{FAE04EC0-301F-11D3-BF4B-00C04F79EFBC}") = "Task_2", "Task_2\Task_2.csproj", "{00B4D2E2-9186-44B6-AF55-21F1AB4EA6C3}"
EndProject
Project("{FAE04EC0-301F-11D3-BF4B-00C04F79EFBC}") = "Task_3", "Task_3\Task_3.csproj", "{D4D48B46-BBD0-4689-BCEE-210676F900C8}"
EndProject
Global
	GlobalSection(SolutionConfigurationPlatforms) = preSolution
		Debug|Any CPU = Debug|Any CPU
		Release|Any CPU = Release|Any CPU
	EndGlobalSection
	GlobalSection(ProjectConfigurationPlatforms) = postSolution
		{336E6874-6B20-46E0-81BC-EA687253656A}.Debug|Any CPU.ActiveCfg = Debug|Any CPU
		{336E6874-6B20-46E0-81BC-EA687253656A}.Debug|Any CPU.Build.0 = Debug|Any CPU
		{336E6874-6B20-46E0-81BC-EA687253656A}.Release|Any CPU.ActiveCfg = Release|Any CPU
		{336E6874-6B20-46E0-81BC-EA687253656A}.Release|Any CPU.Build.0 = Release|Any CPU
		{00B4D2E2-9186-44B6-AF55-21F1AB4EA6C3}.Debug|Any CPU.ActiveCfg = Debug|Any CPU
		{00B4D2E2-9186-44B6-AF55-21F1AB4EA6C3}.Debug|Any CPU.Build.0 = Debug|Any CPU
		{00B4D2E2-9186-44B6-AF55-21F1AB4EA6C3}.Release|Any CPU.ActiveCfg = Release|Any CPU
		{00B4D2E2-9186-44B6-AF55-21F1AB4EA6C3}.Release|Any CPU.Build.0 = Release|Any CPU
		{D4D48B46-BBD0-4689-BCEE-210676F900C8}.Debug|Any CPU.ActiveCfg = Debug|Any CPU
		{D4D48B46-BBD0-4689-BCEE-210676F900C8}.Debug|Any CPU.Build.0 = Debug|Any CPU
		{D4D48B46-BBD0-4689-BCEE-210676F900C8}.Release|Any CPU.ActiveCfg = Release|Any CPU
		{D4D48B46-BBD0-4689-BCEE-210676F900C8}.Release|Any CPU.Build.0 = Release|Any CPU
	EndGlobalSection
	GlobalSection(SolutionProperties) = preSolution
		HideSolutionNode = FALSE
	EndGlobalSection
	GlobalSection(ExtensibilityGlobals) = postSolution
		SolutionGuid = {F61185C0-4C8A-4884-A21A-8A7D64DF81A5}
	EndGlobalSection
EndGlobal
