
Microsoft Visual Studio Solution File, Format Version 12.00
# Visual Studio Version 16
VisualStudioVersion = 16.0.31911.196
MinimumVisualStudioVersion = 10.0.40219.1
Project("{9A19103F-16F7-4668-BE54-9A1E7A4F7556}") = "Task_1", "Task_1\Task_1.csproj", "{599370A6-09AE-4FFF-8006-132288D5AD5A}"
EndProject
Project("{9A19103F-16F7-4668-BE54-9A1E7A4F7556}") = "Task_2", "Task_2\Task_2.csproj", "{0126CD44-F6EB-4A99-8E43-09E86678CD07}"
EndProject
Project("{9A19103F-16F7-4668-BE54-9A1E7A4F7556}") = "Task_3", "Task_3\Task_3.csproj", "{9C7CAEEB-3218-4609-A5B1-66F04AE6464A}"
EndProject
Project("{FAE04EC0-301F-11D3-BF4B-00C04F79EFBC}") = "Task_4", "Task_4\Task_4.csproj", "{67C2E86A-EB2E-4E54-80F0-390F1F7873EA}"
EndProject
Global
	GlobalSection(SolutionConfigurationPlatforms) = preSolution
		Debug|Any CPU = Debug|Any CPU
		Release|Any CPU = Release|Any CPU
	EndGlobalSection
	GlobalSection(ProjectConfigurationPlatforms) = postSolution
		{599370A6-09AE-4FFF-8006-132288D5AD5A}.Debug|Any CPU.ActiveCfg = Debug|Any CPU
		{599370A6-09AE-4FFF-8006-132288D5AD5A}.Debug|Any CPU.Build.0 = Debug|Any CPU
		{599370A6-09AE-4FFF-8006-132288D5AD5A}.Release|Any CPU.ActiveCfg = Release|Any CPU
		{599370A6-09AE-4FFF-8006-132288D5AD5A}.Release|Any CPU.Build.0 = Release|Any CPU
		{0126CD44-F6EB-4A99-8E43-09E86678CD07}.Debug|Any CPU.ActiveCfg = Debug|Any CPU
		{0126CD44-F6EB-4A99-8E43-09E86678CD07}.Debug|Any CPU.Build.0 = Debug|Any CPU
		{0126CD44-F6EB-4A99-8E43-09E86678CD07}.Release|Any CPU.ActiveCfg = Release|Any CPU
		{0126CD44-F6EB-4A99-8E43-09E86678CD07}.Release|Any CPU.Build.0 = Release|Any CPU
		{9C7CAEEB-3218-4609-A5B1-66F04AE6464A}.Debug|Any CPU.ActiveCfg = Debug|Any CPU
		{9C7CAEEB-3218-4609-A5B1-66F04AE6464A}.Debug|Any CPU.Build.0 = Debug|Any CPU
		{9C7CAEEB-3218-4609-A5B1-66F04AE6464A}.Release|Any CPU.ActiveCfg = Release|Any CPU
		{9C7CAEEB-3218-4609-A5B1-66F04AE6464A}.Release|Any CPU.Build.0 = Release|Any CPU
		{67C2E86A-EB2E-4E54-80F0-390F1F7873EA}.Debug|Any CPU.ActiveCfg = Debug|Any CPU
		{67C2E86A-EB2E-4E54-80F0-390F1F7873EA}.Debug|Any CPU.Build.0 = Debug|Any CPU
		{67C2E86A-EB2E-4E54-80F0-390F1F7873EA}.Release|Any CPU.ActiveCfg = Release|Any CPU
		{67C2E86A-EB2E-4E54-80F0-390F1F7873EA}.Release|Any CPU.Build.0 = Release|Any CPU
	EndGlobalSection
	GlobalSection(SolutionProperties) = preSolution
		HideSolutionNode = FALSE
	EndGlobalSection
	GlobalSection(ExtensibilityGlobals) = postSolution
		SolutionGuid = {74258E59-55EC-4376-BE54-54C901FDDEDD}
	EndGlobalSection
EndGlobal
