
Microsoft Visual Studio Solution File, Format Version 12.00
# Visual Studio Version 16
VisualStudioVersion = 16.0.31911.196
MinimumVisualStudioVersion = 10.0.40219.1
Project("{9A19103F-16F7-4668-BE54-9A1E7A4F7556}") = "Task_1", "Task_1\Task_1.csproj", "{3C30484F-1B79-4CCD-A51D-17A54B0C1394}"
EndProject
Project("{FAE04EC0-301F-11D3-BF4B-00C04F79EFBC}") = "Task_2", "Task_2\Task_2.csproj", "{FD95E211-EDB8-4C7B-84EA-3D1B3B2CD0A2}"
EndProject
Project("{FAE04EC0-301F-11D3-BF4B-00C04F79EFBC}") = "Task_3", "Task_3\Task_3.csproj", "{8FAFCDDB-854F-4A14-83B5-E0533572D87B}"
EndProject
Global
	GlobalSection(SolutionConfigurationPlatforms) = preSolution
		Debug|Any CPU = Debug|Any CPU
		Release|Any CPU = Release|Any CPU
	EndGlobalSection
	GlobalSection(ProjectConfigurationPlatforms) = postSolution
		{3C30484F-1B79-4CCD-A51D-17A54B0C1394}.Debug|Any CPU.ActiveCfg = Debug|Any CPU
		{3C30484F-1B79-4CCD-A51D-17A54B0C1394}.Debug|Any CPU.Build.0 = Debug|Any CPU
		{3C30484F-1B79-4CCD-A51D-17A54B0C1394}.Release|Any CPU.ActiveCfg = Release|Any CPU
		{3C30484F-1B79-4CCD-A51D-17A54B0C1394}.Release|Any CPU.Build.0 = Release|Any CPU
		{FD95E211-EDB8-4C7B-84EA-3D1B3B2CD0A2}.Debug|Any CPU.ActiveCfg = Debug|Any CPU
		{FD95E211-EDB8-4C7B-84EA-3D1B3B2CD0A2}.Debug|Any CPU.Build.0 = Debug|Any CPU
		{FD95E211-EDB8-4C7B-84EA-3D1B3B2CD0A2}.Release|Any CPU.ActiveCfg = Release|Any CPU
		{FD95E211-EDB8-4C7B-84EA-3D1B3B2CD0A2}.Release|Any CPU.Build.0 = Release|Any CPU
		{8FAFCDDB-854F-4A14-83B5-E0533572D87B}.Debug|Any CPU.ActiveCfg = Debug|Any CPU
		{8FAFCDDB-854F-4A14-83B5-E0533572D87B}.Debug|Any CPU.Build.0 = Debug|Any CPU
		{8FAFCDDB-854F-4A14-83B5-E0533572D87B}.Release|Any CPU.ActiveCfg = Release|Any CPU
		{8FAFCDDB-854F-4A14-83B5-E0533572D87B}.Release|Any CPU.Build.0 = Release|Any CPU
	EndGlobalSection
	GlobalSection(SolutionProperties) = preSolution
		HideSolutionNode = FALSE
	EndGlobalSection
	GlobalSection(ExtensibilityGlobals) = postSolution
		SolutionGuid = {6EACAAF9-A657-4B9D-94DE-81EE9C1FDB2C}
	EndGlobalSection
EndGlobal
