
Microsoft Visual Studio Solution File, Format Version 12.00
# Visual Studio Version 16
VisualStudioVersion = 16.0.31911.196
MinimumVisualStudioVersion = 10.0.40219.1
Project("{FAE04EC0-301F-11D3-BF4B-00C04F79EFBC}") = "Task_1", "Task_1\Task_1.csproj", "{BF15F04D-84BB-468D-8ED4-19B33C3DA4CE}"
EndProject
Project("{FAE04EC0-301F-11D3-BF4B-00C04F79EFBC}") = "Task_2", "Task_2\Task_2.csproj", "{64058107-17E6-4AD9-A5DA-65CC204AA0F6}"
EndProject
Project("{FAE04EC0-301F-11D3-BF4B-00C04F79EFBC}") = "Task_3", "Task_3\Task_3.csproj", "{D4A4DA20-5F96-48DC-AFCB-15439D976A54}"
EndProject
Global
	GlobalSection(SolutionConfigurationPlatforms) = preSolution
		Debug|Any CPU = Debug|Any CPU
		Release|Any CPU = Release|Any CPU
	EndGlobalSection
	GlobalSection(ProjectConfigurationPlatforms) = postSolution
		{BF15F04D-84BB-468D-8ED4-19B33C3DA4CE}.Debug|Any CPU.ActiveCfg = Debug|Any CPU
		{BF15F04D-84BB-468D-8ED4-19B33C3DA4CE}.Debug|Any CPU.Build.0 = Debug|Any CPU
		{BF15F04D-84BB-468D-8ED4-19B33C3DA4CE}.Release|Any CPU.ActiveCfg = Release|Any CPU
		{BF15F04D-84BB-468D-8ED4-19B33C3DA4CE}.Release|Any CPU.Build.0 = Release|Any CPU
		{64058107-17E6-4AD9-A5DA-65CC204AA0F6}.Debug|Any CPU.ActiveCfg = Debug|Any CPU
		{64058107-17E6-4AD9-A5DA-65CC204AA0F6}.Debug|Any CPU.Build.0 = Debug|Any CPU
		{64058107-17E6-4AD9-A5DA-65CC204AA0F6}.Release|Any CPU.ActiveCfg = Release|Any CPU
		{64058107-17E6-4AD9-A5DA-65CC204AA0F6}.Release|Any CPU.Build.0 = Release|Any CPU
		{D4A4DA20-5F96-48DC-AFCB-15439D976A54}.Debug|Any CPU.ActiveCfg = Debug|Any CPU
		{D4A4DA20-5F96-48DC-AFCB-15439D976A54}.Debug|Any CPU.Build.0 = Debug|Any CPU
		{D4A4DA20-5F96-48DC-AFCB-15439D976A54}.Release|Any CPU.ActiveCfg = Release|Any CPU
		{D4A4DA20-5F96-48DC-AFCB-15439D976A54}.Release|Any CPU.Build.0 = Release|Any CPU
	EndGlobalSection
	GlobalSection(SolutionProperties) = preSolution
		HideSolutionNode = FALSE
	EndGlobalSection
	GlobalSection(ExtensibilityGlobals) = postSolution
		SolutionGuid = {8464E4B8-22FE-409D-947B-39FD66602B5D}
	EndGlobalSection
EndGlobal
