
Microsoft Visual Studio Solution File, Format Version 12.00
# Visual Studio Version 17
VisualStudioVersion = 17.0.32112.339
MinimumVisualStudioVersion = 10.0.40219.1
Project("{9A19103F-16F7-4668-BE54-9A1E7A4F7556}") = "Task_1", "Task_1\Task_1.csproj", "{C78CF0FC-E7AA-4707-ACD7-8D546D5432C1}"
EndProject
Project("{9A19103F-16F7-4668-BE54-9A1E7A4F7556}") = "Task_2", "Task_2\Task_2.csproj", "{6E2F7EAE-5096-4374-BF26-D2337210A229}"
EndProject
Project("{FAE04EC0-301F-11D3-BF4B-00C04F79EFBC}") = "Task_3", "Task_3\Task_3.csproj", "{33225734-FD41-4A7F-A33D-E10BF96B16E8}"
EndProject
Project("{FAE04EC0-301F-11D3-BF4B-00C04F79EFBC}") = "Task_4", "Task_4\Task_4.csproj", "{F1849D57-6372-45CD-B7E1-2BFD91B019CB}"
EndProject
Global
	GlobalSection(SolutionConfigurationPlatforms) = preSolution
		Debug|Any CPU = Debug|Any CPU
		Release|Any CPU = Release|Any CPU
	EndGlobalSection
	GlobalSection(ProjectConfigurationPlatforms) = postSolution
		{C78CF0FC-E7AA-4707-ACD7-8D546D5432C1}.Debug|Any CPU.ActiveCfg = Debug|Any CPU
		{C78CF0FC-E7AA-4707-ACD7-8D546D5432C1}.Debug|Any CPU.Build.0 = Debug|Any CPU
		{C78CF0FC-E7AA-4707-ACD7-8D546D5432C1}.Release|Any CPU.ActiveCfg = Release|Any CPU
		{C78CF0FC-E7AA-4707-ACD7-8D546D5432C1}.Release|Any CPU.Build.0 = Release|Any CPU
		{6E2F7EAE-5096-4374-BF26-D2337210A229}.Debug|Any CPU.ActiveCfg = Debug|Any CPU
		{6E2F7EAE-5096-4374-BF26-D2337210A229}.Debug|Any CPU.Build.0 = Debug|Any CPU
		{6E2F7EAE-5096-4374-BF26-D2337210A229}.Release|Any CPU.ActiveCfg = Release|Any CPU
		{6E2F7EAE-5096-4374-BF26-D2337210A229}.Release|Any CPU.Build.0 = Release|Any CPU
		{33225734-FD41-4A7F-A33D-E10BF96B16E8}.Debug|Any CPU.ActiveCfg = Debug|Any CPU
		{33225734-FD41-4A7F-A33D-E10BF96B16E8}.Debug|Any CPU.Build.0 = Debug|Any CPU
		{33225734-FD41-4A7F-A33D-E10BF96B16E8}.Release|Any CPU.ActiveCfg = Release|Any CPU
		{33225734-FD41-4A7F-A33D-E10BF96B16E8}.Release|Any CPU.Build.0 = Release|Any CPU
		{F1849D57-6372-45CD-B7E1-2BFD91B019CB}.Debug|Any CPU.ActiveCfg = Debug|Any CPU
		{F1849D57-6372-45CD-B7E1-2BFD91B019CB}.Debug|Any CPU.Build.0 = Debug|Any CPU
		{F1849D57-6372-45CD-B7E1-2BFD91B019CB}.Release|Any CPU.ActiveCfg = Release|Any CPU
		{F1849D57-6372-45CD-B7E1-2BFD91B019CB}.Release|Any CPU.Build.0 = Release|Any CPU
	EndGlobalSection
	GlobalSection(SolutionProperties) = preSolution
		HideSolutionNode = FALSE
	EndGlobalSection
	GlobalSection(ExtensibilityGlobals) = postSolution
		SolutionGuid = {7BAA1C15-6D24-4D80-A409-2CB91212B9E3}
	EndGlobalSection
EndGlobal
