
Microsoft Visual Studio Solution File, Format Version 12.00
# Visual Studio Version 16
VisualStudioVersion = 16.0.31911.196
MinimumVisualStudioVersion = 10.0.40219.1
Project("{9A19103F-16F7-4668-BE54-9A1E7A4F7556}") = "Task_1", "Task_1\Task_1.csproj", "{BFCD09F8-FD51-4A87-8703-A688810D5A9A}"
EndProject
Project("{9A19103F-16F7-4668-BE54-9A1E7A4F7556}") = "Task_2", "Task_2\Task_2.csproj", "{F65619BE-A859-40F5-B5D2-C7E029F44A6D}"
EndProject
Project("{FAE04EC0-301F-11D3-BF4B-00C04F79EFBC}") = "Task_3(lib)", "Task_3(lib)\Task_3(lib).csproj", "{FD96D464-C5AD-41DA-ABF8-B562BBF5965F}"
EndProject
Project("{FAE04EC0-301F-11D3-BF4B-00C04F79EFBC}") = "Task_3(Run)", "Task_3(Run)\Task_3(Run).csproj", "{2AE4D65E-EC4C-47E1-82E7-EC58B2957141}"
EndProject
Global
	GlobalSection(SolutionConfigurationPlatforms) = preSolution
		Debug|Any CPU = Debug|Any CPU
		Release|Any CPU = Release|Any CPU
	EndGlobalSection
	GlobalSection(ProjectConfigurationPlatforms) = postSolution
		{BFCD09F8-FD51-4A87-8703-A688810D5A9A}.Debug|Any CPU.ActiveCfg = Debug|Any CPU
		{BFCD09F8-FD51-4A87-8703-A688810D5A9A}.Debug|Any CPU.Build.0 = Debug|Any CPU
		{BFCD09F8-FD51-4A87-8703-A688810D5A9A}.Release|Any CPU.ActiveCfg = Release|Any CPU
		{BFCD09F8-FD51-4A87-8703-A688810D5A9A}.Release|Any CPU.Build.0 = Release|Any CPU
		{F65619BE-A859-40F5-B5D2-C7E029F44A6D}.Debug|Any CPU.ActiveCfg = Debug|Any CPU
		{F65619BE-A859-40F5-B5D2-C7E029F44A6D}.Debug|Any CPU.Build.0 = Debug|Any CPU
		{F65619BE-A859-40F5-B5D2-C7E029F44A6D}.Release|Any CPU.ActiveCfg = Release|Any CPU
		{F65619BE-A859-40F5-B5D2-C7E029F44A6D}.Release|Any CPU.Build.0 = Release|Any CPU
		{FD96D464-C5AD-41DA-ABF8-B562BBF5965F}.Debug|Any CPU.ActiveCfg = Debug|Any CPU
		{FD96D464-C5AD-41DA-ABF8-B562BBF5965F}.Debug|Any CPU.Build.0 = Debug|Any CPU
		{FD96D464-C5AD-41DA-ABF8-B562BBF5965F}.Release|Any CPU.ActiveCfg = Release|Any CPU
		{FD96D464-C5AD-41DA-ABF8-B562BBF5965F}.Release|Any CPU.Build.0 = Release|Any CPU
		{2AE4D65E-EC4C-47E1-82E7-EC58B2957141}.Debug|Any CPU.ActiveCfg = Debug|Any CPU
		{2AE4D65E-EC4C-47E1-82E7-EC58B2957141}.Debug|Any CPU.Build.0 = Debug|Any CPU
		{2AE4D65E-EC4C-47E1-82E7-EC58B2957141}.Release|Any CPU.ActiveCfg = Release|Any CPU
		{2AE4D65E-EC4C-47E1-82E7-EC58B2957141}.Release|Any CPU.Build.0 = Release|Any CPU
	EndGlobalSection
	GlobalSection(SolutionProperties) = preSolution
		HideSolutionNode = FALSE
	EndGlobalSection
	GlobalSection(ExtensibilityGlobals) = postSolution
		SolutionGuid = {470A1ABF-0DA1-4796-83B2-75FEC38FDD80}
	EndGlobalSection
EndGlobal
